{
  "name": "stealth-browser-cli",
  "version": "0.1.21",
  "lockfileVersion": 3,
  "requires": true,
  "packages": {
    "": {
      "name": "stealth-browser-cli",
      "version": "0.1.21",
      "license": "Apache-2.0",
      "dependencies": {
        "cloakbrowser": "0.5.3",
        "httpcloak": "^1.6.11",
        "patchright-core": "1.61.1",
        "playwright": "1.61.1",
        "playwright-core": "1.61.1",
        "wreq-js": "^3.2.0"
      },
      "bin": {
        "playwright-cli": "playwright-cli.js",
        "stealth-browser-cli": "playwright-cli.js"
      },
      "devDependencies": {
        "@playwright/test": "1.61.1",
        "@types/node": "^25.2.1"
      },
      "engines": {
        "node": ">=20"
      }
    },
    "node_modules/@httpcloak/darwin-arm64": {
      "version": "1.6.11",
      "resolved": "https://registry.npmjs.org/@httpcloak/darwin-arm64/-/darwin-arm64-1.6.11.tgz",
      "integrity": "sha512-D1YUV7iTzikmpvZeHX/T5dx8DZu3a35dCU2wQmyaVngYuuNbBd+1CdvRAP+//24TNRSzw7uip5bUv4QToboItA==",
      "cpu": [
        "arm64"
      ],
      "license": "MIT",
      "optional": true,
      "os": [
        "darwin"
      ]
    },
    "node_modules/@httpcloak/darwin-x64": {
      "version": "1.6.11",
      "resolved": "https://registry.npmjs.org/@httpcloak/darwin-x64/-/darwin-x64-1.6.11.tgz",
      "integrity": "sha512-6Fon/oEkH0k5X/xtzBkKb4v42pGwsQFe0acXxmMpUtTY2gSRwhc35OK2Azj9FAIWpX+EBMhMkKMMhYhk4gW7jw==",
      "cpu": [
        "x64"
      ],
      "license": "MIT",
      "optional": true,
      "os": [
        "darwin"
      ]
    },
    "node_modules/@httpcloak/linux-arm64": {
      "version": "1.6.11",
      "resolved": "https://registry.npmjs.org/@httpcloak/linux-arm64/-/linux-arm64-1.6.11.tgz",
      "integrity": "sha512-azAf24qnmNJJgyiWh2YfTe/og2Mu4nXaZw5FxPnuzeZLd7NYpy4t69au5RPyeNI59KDDtDSFfrDF+il6A3Cacg==",
      "cpu": [
        "arm64"
      ],
      "license": "MIT",
      "optional": true,
      "os": [
        "linux"
      ]
    },
    "node_modules/@httpcloak/linux-x64": {
      "version": "1.6.11",
      "resolved": "https://registry.npmjs.org/@httpcloak/linux-x64/-/linux-x64-1.6.11.tgz",
      "integrity": "sha512-XWsL4j4MmcUUTMgZPiS6f6/iF0R72ExHa9gWnKAABcJXxGIAuXF+PbMjHY+5UYLl2sT3glACsD6Sier7lxp29A==",
      "cpu": [
        "x64"
      ],
      "license": "MIT",
      "optional": true,
      "os": [
        "linux"
      ]
    },
    "node_modules/@httpcloak/win32-x64": {
      "version": "1.6.11",
      "resolved": "https://registry.npmjs.org/@httpcloak/win32-x64/-/win32-x64-1.6.11.tgz",
      "integrity": "sha512-7RQWffd9Gi6Y9Ebmt76GuItiGkzZFWWLctUE6MYBVONaFVDGDa0WQMGwqnvg88tTPpFIlOO/sDBbwZA6p3upPQ==",
      "cpu": [
        "x64"
      ],
      "license": "MIT",
      "optional": true,
      "os": [
        "win32"
      ]
    },
    "node_modules/@isaacs/fs-minipass": {
      "version": "4.0.1",
      "resolved": "https://registry.npmjs.org/@isaacs/fs-minipass/-/fs-minipass-4.0.1.tgz",
      "integrity": "sha512-wgm9Ehl2jpeqP3zw/7mo3kRHFp5MEDhqAdwy1fTGkHAwnkGOVsgpvQhL8B5n1qlb01jV3n/bI0ZfZp5lWA1k4w==",
      "license": "ISC",
      "dependencies": {
        "minipass": "^7.0.4"
      },
      "engines": {
        "node": ">=18.0.0"
      }
    },
    "node_modules/@playwright/test": {
      "version": "1.61.1",
      "resolved": "https://registry.npmjs.org/@playwright/test/-/test-1.61.1.tgz",
      "integrity": "sha512-8nKv6+0RJSL9FE4jYOEGXnPeM/Hg12qZpmqzZjRh3qM0Y7c3z1mrOTfFLids72RDQYVh9WpLEfR5WdpNX4fkig==",
      "dev": true,
      "license": "Apache-2.0",
      "dependencies": {
        "playwright": "1.61.1"
      },
      "bin": {
        "playwright": "cli.js"
      },
      "engines": {
        "node": ">=18"
      }
    },
    "node_modules/@types/node": {
      "version": "25.2.1",
      "resolved": "https://registry.npmjs.org/@types/node/-/node-25.2.1.tgz",
      "integrity": "sha512-CPrnr8voK8vC6eEtyRzvMpgp3VyVRhgclonE7qYi6P9sXwYb59ucfrnmFBTaP0yUi8Gk4yZg/LlTJULGxvTNsg==",
      "dev": true,
      "license": "MIT",
      "dependencies": {
        "undici-types": "~7.16.0"
      }
    },
    "node_modules/@wreq-js/binding-android-arm64": {
      "version": "3.2.0",
      "resolved": "https://registry.npmjs.org/@wreq-js/binding-android-arm64/-/binding-android-arm64-3.2.0.tgz",
      "integrity": "sha512-PRsy18Z+0fftLeDvFTQwpgdepihRk6oVzdQWt92hEdarI7DexhgDJvvZfDsylMp7GDfsys9sFks8nIAi4n7eKQ==",
      "cpu": [
        "arm64"
      ],
      "license": "MIT",
      "optional": true,
      "os": [
        "android"
      ],
      "engines": {
        "node": ">=20.0.0"
      }
    },
    "node_modules/@wreq-js/binding-darwin-arm64": {
      "version": "3.2.0",
      "resolved": "https://registry.npmjs.org/@wreq-js/binding-darwin-arm64/-/binding-darwin-arm64-3.2.0.tgz",
      "integrity": "sha512-TGbgqj7YKp6m2p79hyLtTBatKgU8SKEVL5e903KGSeSDKkLbgk8knFoZ2MakhJnlqKZhvLPCNLT7A3AStwIoHQ==",
      "cpu": [
        "arm64"
      ],
      "license": "MIT",
      "optional": true,
      "os": [
        "darwin"
      ],
      "engines": {
        "node": ">=20.0.0"
      }
    },
    "node_modules/@wreq-js/binding-darwin-x64": {
      "version": "3.2.0",
      "resolved": "https://registry.npmjs.org/@wreq-js/binding-darwin-x64/-/binding-darwin-x64-3.2.0.tgz",
      "integrity": "sha512-89JkGsik49nUcQR7HfO6M+Na3whkhAQBghVFWn+vGmz32RzTX+HVy6q7wThjN+XGT+xvn9ZQpzTie3B292S50g==",
      "cpu": [
        "x64"
      ],
      "license": "MIT",
      "optional": true,
      "os": [
        "darwin"
      ],
      "engines": {
        "node": ">=20.0.0"
      }
    },
    "node_modules/@wreq-js/binding-linux-arm64-gnu": {
      "version": "3.2.0",
      "resolved": "https://registry.npmjs.org/@wreq-js/binding-linux-arm64-gnu/-/binding-linux-arm64-gnu-3.2.0.tgz",
      "integrity": "sha512-WXqMK7AtOxMJAdwDpnAdDq0NZqf6wuRucKCQWQSLdSTUyTEuGo2anRkUsZwqvHbLrkWCTXNfl1hAfA+wIk/4kw==",
      "cpu": [
        "arm64"
      ],
      "libc": [
        "glibc"
      ],
      "license": "MIT",
      "optional": true,
      "os": [
        "linux"
      ],
      "engines": {
        "node": ">=20.0.0"
      }
    },
    "node_modules/@wreq-js/binding-linux-arm64-musl": {
      "version": "3.2.0",
      "resolved": "https://registry.npmjs.org/@wreq-js/binding-linux-arm64-musl/-/binding-linux-arm64-musl-3.2.0.tgz",
      "integrity": "sha512-YSMWs3BNBCNhWvIAUHWyp2K/L17qxfaRTl+t97ykOIOIKZSduNYZn/Yn3hTNtpbdfrTmNMG9pltEcbixFKS4xQ==",
      "cpu": [
        "arm64"
      ],
      "libc": [
        "musl"
      ],
      "license": "MIT",
      "optional": true,
      "os": [
        "linux"
      ],
      "engines": {
        "node": ">=20.0.0"
      }
    },
    "node_modules/@wreq-js/binding-linux-x64-gnu": {
      "version": "3.2.0",
      "resolved": "https://registry.npmjs.org/@wreq-js/binding-linux-x64-gnu/-/binding-linux-x64-gnu-3.2.0.tgz",
      "integrity": "sha512-6N7C1uc1qieM23rdKR5k07hfS50hVFExVHzLhHiWbmk9NyqBj0xyj2Mh5ThIrvz/or/6Pe79P8D7UWbl4aJTkw==",
      "cpu": [
        "x64"
      ],
      "libc": [
        "glibc"
      ],
      "license": "MIT",
      "optional": true,
      "os": [
        "linux"
      ],
      "engines": {
        "node": ">=20.0.0"
      }
    },
    "node_modules/@wreq-js/binding-linux-x64-musl": {
      "version": "3.2.0",
      "resolved": "https://registry.npmjs.org/@wreq-js/binding-linux-x64-musl/-/binding-linux-x64-musl-3.2.0.tgz",
      "integrity": "sha512-0h0xJsmhVlmh+vHs9dYMIp5lpkKGNZrSedkl2Mh9XmR5slBahTcHT7oEEclhV+aNcY3V2Afmmqfil5huL+yDpA==",
      "cpu": [
        "x64"
      ],
      "libc": [
        "musl"
      ],
      "license": "MIT",
      "optional": true,
      "os": [
        "linux"
      ],
      "engines": {
        "node": ">=20.0.0"
      }
    },
    "node_modules/@wreq-js/binding-win32-arm64-msvc": {
      "version": "3.2.0",
      "resolved": "https://registry.npmjs.org/@wreq-js/binding-win32-arm64-msvc/-/binding-win32-arm64-msvc-3.2.0.tgz",
      "integrity": "sha512-6bfaVFfbI61s5YLgQL+43uURk/VuOu7TPlUwY1l0Q9yJdWzD+Jpdokgl5cEiY2a0FEAw8Q4LqPI+XZT3YAMnQA==",
      "cpu": [
        "arm64"
      ],
      "license": "MIT",
      "optional": true,
      "os": [
        "win32"
      ],
      "engines": {
        "node": ">=20.0.0"
      }
    },
    "node_modules/@wreq-js/binding-win32-x64-msvc": {
      "version": "3.2.0",
      "resolved": "https://registry.npmjs.org/@wreq-js/binding-win32-x64-msvc/-/binding-win32-x64-msvc-3.2.0.tgz",
      "integrity": "sha512-w4aktLElPgBXkWC/v9Ti9np6jBjYOzIyqmzgT41V/zuDq/V+V7s/13f9OzcX5hObH2WOpajo0KeljTJ2aRExNQ==",
      "cpu": [
        "x64"
      ],
      "license": "MIT",
      "optional": true,
      "os": [
        "win32"
      ],
      "engines": {
        "node": ">=20.0.0"
      }
    },
    "node_modules/chownr": {
      "version": "3.0.0",
      "resolved": "https://registry.npmjs.org/chownr/-/chownr-3.0.0.tgz",
      "integrity": "sha512-+IxzY9BZOQd/XuYPRmrvEVjF/nqj5kgT4kEq7VofrDoM1MxoRjEWkrCC3EtLi59TVawxTAn+orJwFQcrqEN1+g==",
      "license": "BlueOak-1.0.0",
      "engines": {
        "node": ">=18"
      }
    },
    "node_modules/cloakbrowser": {
      "version": "0.5.3",
      "resolved": "https://registry.npmjs.org/cloakbrowser/-/cloakbrowser-0.5.3.tgz",
      "integrity": "sha512-awxjoA3y+id0H9m9278GXftCkgcRcJSWu9D1Oc5E76L063GyMkNbTii8ZCrEQ4zA7b3H3zjRWF+HCtwpHwrsrw==",
      "license": "MIT",
      "dependencies": {
        "tar": "^7.0.0"
      },
      "bin": {
        "cloakbrowser": "dist/cli.js"
      },
      "engines": {
        "node": ">=20.0.0"
      },
      "peerDependencies": {
        "mmdb-lib": ">=2.0.0",
        "playwright-core": ">=1.53.0",
        "puppeteer-core": ">=21.0.0",
        "socks-proxy-agent": ">=10.0.0"
      },
      "peerDependenciesMeta": {
        "mmdb-lib": {
          "optional": true
        },
        "playwright-core": {
          "optional": true
        },
        "puppeteer-core": {
          "optional": true
        },
        "socks-proxy-agent": {
          "optional": true
        }
      }
    },
    "node_modules/fsevents": {
      "version": "2.3.2",
      "resolved": "https://registry.npmjs.org/fsevents/-/fsevents-2.3.2.tgz",
      "integrity": "sha512-xiqMQR4xAeHTuB9uWm+fFRcIOgKBMiOBP+eXiyT7jsgVCq1bkVygt00oASowB7EdtpOHaaPgKt812P9ab+DDKA==",
      "hasInstallScript": true,
      "license": "MIT",
      "optional": true,
      "os": [
        "darwin"
      ],
      "engines": {
        "node": "^8.16.0 || ^10.6.0 || >=11.0.0"
      }
    },
    "node_modules/httpcloak": {
      "version": "1.6.11",
      "resolved": "https://registry.npmjs.org/httpcloak/-/httpcloak-1.6.11.tgz",
      "integrity": "sha512-HR/lfkZPoP1LVGghKCLqjRb+uk1JZDH2nO0m7UMiPg642HO3IXbiza+AZWbASBJGvbq2IRR/ac9it0HvnVp9Ig==",
      "license": "MIT",
      "dependencies": {
        "koffi": "^2.9.0"
      },
      "engines": {
        "node": ">=14.0.0"
      },
      "optionalDependencies": {
        "@httpcloak/darwin-arm64": "1.6.11",
        "@httpcloak/darwin-x64": "1.6.11",
        "@httpcloak/linux-arm64": "1.6.11",
        "@httpcloak/linux-x64": "1.6.11",
        "@httpcloak/win32-x64": "1.6.11"
      }
    },
    "node_modules/koffi": {
      "version": "2.16.3",
      "resolved": "https://registry.npmjs.org/koffi/-/koffi-2.16.3.tgz",
      "integrity": "sha512-E9y1AsgYGlaxMhcZzHr8y96QF2U5XzA12GGVAfbWqIubTwPNMXQarfBzePNXHe0xtIEtNd6ifAv3GAKYGUeBAQ==",
      "hasInstallScript": true,
      "license": "MIT",
      "funding": {
        "url": "https://liberapay.com/Koromix"
      }
    },
    "node_modules/minipass": {
      "version": "7.1.3",
      "resolved": "https://registry.npmjs.org/minipass/-/minipass-7.1.3.tgz",
      "integrity": "sha512-tEBHqDnIoM/1rXME1zgka9g6Q2lcoCkxHLuc7ODJ5BxbP5d4c2Z5cGgtXAku59200Cx7diuHTOYfSBD8n6mm8A==",
      "license": "BlueOak-1.0.0",
      "engines": {
        "node": ">=16 || 14 >=14.17"
      }
    },
    "node_modules/minizlib": {
      "version": "3.1.0",
      "resolved": "https://registry.npmjs.org/minizlib/-/minizlib-3.1.0.tgz",
      "integrity": "sha512-KZxYo1BUkWD2TVFLr0MQoM8vUUigWD3LlD83a/75BqC+4qE0Hb1Vo5v1FgcfaNXvfXzr+5EhQ6ing/CaBijTlw==",
      "license": "MIT",
      "dependencies": {
        "minipass": "^7.1.2"
      },
      "engines": {
        "node": ">= 18"
      }
    },
    "node_modules/patchright-core": {
      "version": "1.61.1",
      "resolved": "https://registry.npmjs.org/patchright-core/-/patchright-core-1.61.1.tgz",
      "integrity": "sha512-d6Ju67DE6OzqlEX3WPvUX2SLEs6iMY1WERit//mpsrT98VHcztaUo0CBw2Lpxq25VdufVEiWEdcc0HnLwdiq6A==",
      "license": "Apache-2.0",
      "bin": {
        "patchright-core": "cli.js"
      },
      "engines": {
        "node": ">=18"
      }
    },
    "node_modules/playwright": {
      "version": "1.61.1",
      "resolved": "https://registry.npmjs.org/playwright/-/playwright-1.61.1.tgz",
      "integrity": "sha512-DWnY5o3YbLWK4GovuAVwpqL+1VwGNdUGrRr++8j8PtQQzvAVZUIMjKQ90fY689sEJZJBbZVw1rXaOKSTitkzPQ==",
      "license": "Apache-2.0",
      "dependencies": {
        "playwright-core": "1.61.1"
      },
      "bin": {
        "playwright": "cli.js"
      },
      "engines": {
        "node": ">=18"
      },
      "optionalDependencies": {
        "fsevents": "2.3.2"
      }
    },
    "node_modules/playwright-core": {
      "version": "1.61.1",
      "resolved": "https://registry.npmjs.org/playwright-core/-/playwright-core-1.61.1.tgz",
      "integrity": "sha512-h7Qlt6m4REp25qvIdvbDtVmD4LqVXfpRxhORv9L0jzETM05p4fuPJ3dKyuSXQxDSbXnmS79HAgi9589lGSpLkg==",
      "license": "Apache-2.0",
      "bin": {
        "playwright-core": "cli.js"
      },
      "engines": {
        "node": ">=18"
      }
    },
    "node_modules/tar": {
      "version": "7.5.22",
      "resolved": "https://registry.npmjs.org/tar/-/tar-7.5.22.tgz",
      "integrity": "sha512-MFO/QzvtAOmJbkhOaCTvbGcFN9L9b+JunIsDwaKljSOdcLMea3NJ1k9Usz/rjdfSXTq4dfzfeS7W4p4YOAAHeA==",
      "license": "BlueOak-1.0.0",
      "dependencies": {
        "@isaacs/fs-minipass": "^4.0.0",
        "chownr": "^3.0.0",
        "minipass": "^7.1.2",
        "minizlib": "^3.1.0",
        "yallist": "^5.0.0"
      },
      "engines": {
        "node": ">=18"
      }
    },
    "node_modules/undici-types": {
      "version": "7.16.0",
      "resolved": "https://registry.npmjs.org/undici-types/-/undici-types-7.16.0.tgz",
      "integrity": "sha512-Zz+aZWSj8LE6zoxD+xrjh4VfkIG8Ya6LvYkZqtUQGJPZjYl53ypCaUwWqo7eI0x66KBGeRo+mlBEkMSeSZ38Nw==",
      "dev": true,
      "license": "MIT"
    },
    "node_modules/wreq-js": {
      "version": "3.2.0",
      "resolved": "https://registry.npmjs.org/wreq-js/-/wreq-js-3.2.0.tgz",
      "integrity": "sha512-dawhEbhvd5hxivKZSvv/mAQGO3mwZYESyctOvIIZ/H3DvQJzUM2UoFQsij0fg7hIClQ/GEQgg+2259UcFwhpMQ==",
      "license": "MIT",
      "engines": {
        "node": ">=20.0.0"
      },
      "optionalDependencies": {
        "@wreq-js/binding-android-arm64": "3.2.0",
        "@wreq-js/binding-darwin-arm64": "3.2.0",
        "@wreq-js/binding-darwin-x64": "3.2.0",
        "@wreq-js/binding-linux-arm64-gnu": "3.2.0",
        "@wreq-js/binding-linux-arm64-musl": "3.2.0",
        "@wreq-js/binding-linux-x64-gnu": "3.2.0",
        "@wreq-js/binding-linux-x64-musl": "3.2.0",
        "@wreq-js/binding-win32-arm64-msvc": "3.2.0",
        "@wreq-js/binding-win32-x64-msvc": "3.2.0"
      }
    },
    "node_modules/yallist": {
      "version": "5.0.0",
      "resolved": "https://registry.npmjs.org/yallist/-/yallist-5.0.0.tgz",
      "integrity": "sha512-YgvUTfwqyc7UXVMrB+SImsVYSmTS8X/tSrtdNZMImM+n7+QTriRXyXim0mBrTXNeqzVF0KWGgHPeiyViFFrNDw==",
      "license": "BlueOak-1.0.0",
      "engines": {
        "node": ">=18"
      }
    }
  }
}
